
Microsoft Visual Studio Solution File, Format Version 12.00
# Visual Studio Version 16
VisualStudioVersion = 16.0.32510.428
MinimumVisualStudioVersion = 10.0.40219.1
Project("{9A19103F-16F7-4668-BE54-9A1E7A4F7556}") = "EventoMercantiles", "EventoMercantiles.csproj", "{C06B97B1-8DBB-4540-B513-FF4C9AF37B04}"
EndProject
Global
	GlobalSection(SolutionConfigurationPlatforms) = preSolution
		Debug|Any CPU = Debug|Any CPU
		Release|Any CPU = Release|Any CPU
	EndGlobalSection
	GlobalSection(ProjectConfigurationPlatforms) = postSolution
		{C06B97B1-8DBB-4540-B513-FF4C9AF37B04}.Debug|Any CPU.ActiveCfg = Debug|Any CPU
		{C06B97B1-8DBB-4540-B513-FF4C9AF37B04}.Debug|Any CPU.Build.0 = Debug|Any CPU
		{C06B97B1-8DBB-4540-B513-FF4C9AF37B04}.Release|Any CPU.ActiveCfg = Release|Any CPU
		{C06B97B1-8DBB-4540-B513-FF4C9AF37B04}.Release|Any CPU.Build.0 = Release|Any CPU
	EndGlobalSection
	GlobalSection(SolutionProperties) = preSolution
		HideSolutionNode = FALSE
	EndGlobalSection
	GlobalSection(ExtensibilityGlobals) = postSolution
		SolutionGuid = {B9012DCE-C14D-4A95-9995-AC27AAC32C08}
	EndGlobalSection
EndGlobal
